{
  "version": 4,
  "terraform_version": "1.5.4",
  "serial": 15,
  "lineage": "df1ab884-a17a-9ead-855f-35c11cfd1042",
  "outputs": {
    "password": {
      "value": [
        "wcFMA6mXp0l3mojbAQ//ZatcCSBmSX0HfsvZK99fnWbRHAU7cIFl7EmqBE/4cxcYWlwTBNxk1q8rEz8DNt/cu8W9M/pvzsGmRuv9us7MZesVxj7NoNit/gq+ha56j+UKUqw+77aElBwntGC2AVCT0xp/O5/iO1+T1DtWeRPfQ+4ehlS+wTLze9jTGD5ZXA6kB6SZQavSZl/+fFUWunV7GTI4KfkMcz15INYMnPKUm/OHwTkiFXDoy7wB+MFvuB0pF1hpuzMvGELdqI+ym0RvphVsKSN4rPo+w548QpfRh0zz9uAglVJYvK6npTRo4jUhEfvsoGYlchhQCjPdNNKgL0hK0/Tnew4wKX79k+AfByYXesGSY+4uh2YDBxwvxKQw2toUkcavloN6TaaHvbXhd5WzM9efFJH08ba8OMq1+v+pt5iGeySHXEx6KbFeOafTDcMxaVr6FL83/PQKM2484hhSzV6b3ZRgC0Y8TCFgxRxyBdv7tL8uYnd8X0HOnfKHnS3YXZnxb2x1LEAId8IL8gGUb6ILVy1uy2vmWB2qayVuKWMDUif6RYmo9bBjrzqEzKuHPZ0ekKqgQGfOlSztR0O1uXOgephpH7Zisd8OgVk1un1Uadj8+03+WuXrAIFtc2lF5acwkYd/IA9h0gn0OM4Wyed6e6vx8FOmpCaFar0qYK+A3QeX7Ri+BX7OO8/SRQGM7YnAJrpt0r46Kj82Yr+jvsl0QJDW0tC7INzRE7luTRoirwNyp8WyPUUzId9sDsjhF/4mjj4qlDd3ZR32fxwcnIpm6A==",
        "wcFMA6mXp0l3mojbARAAsUlmOQIh+DWsrQQHE6ODBLL4RtjeAwVKA1btxCO5TGmiyMirwcS6oxiYjU/dwdcuuV9lPZHdlGKxl0U9oUhlNTxKbb254Zt0T0Kbe0Ry6T7gPT7lyqttL76BMvgyB9PfVnh3bsVU1o9772XRGbTdda/nmaawXSEN3nS14QdZ6Cg8zTk31FPYbLwEwGpLRQY8gdRxQ1e15BFmddUpH3e6maS4GPskflLlq0J9BfC0xC8lr6vID/IBxv+eA8/v7OJ9i13MPIdK+O4Kil01xxNtToTFwqZc7fVFh68QoV/bmhnNhxto6PFWWk/1F4CxqyR0dTB0sLO/eIQ26vNobd6jy/Kv/Ed8mAadWPHCFLt0zIz65l95HUFwP12SmSEgAzyraYh57NB0urprpwMufbYQkfB9XH/f5PsFF57bihi5zZ6pjkPLpxVCHan3bDPucdr5mKKTkepSX4wCDSPzfmLnBWd+bsXE7Per6J8/PTxj9y/nb/Z6cBqQqJC6bNydCPpkTBrk5zEuqHEHA4fiHlLDDJZwhCflLHZCs50diTOTFyPpaGdCzJY79OJ+9frp3TG6rK1K1fdpprH2I0xUg3BuhIGe/UUt7TvwEGQNRtqfrwZV9/5Y4bwBIpkV9U5jnAQp5+hn+0sGlAP94SlxBMjKupkq8PkuHvEoPDT4/HUUvQLSRQETOXDwPRIPlGUlwRYXzGwkfrYtk91kxHDUCZBv88MfXb9480asY6Tf5EcC9TKL1EYlVAJKQAftBCsLm82psWiHyduKyg=="
      ],
      "type": [
        "tuple",
        [
          "string",
          "string"
        ]
      ]
    }
  },
  "resources": [
    {
      "mode": "data",
      "type": "aws_caller_identity",
      "name": "current",
      "provider": "provider[\"registry.terraform.io/hashicorp/aws\"]",
      "instances": [
        {
          "schema_version": 0,
          "attributes": {
            "account_id": "825316848320",
            "arn": "arn:aws:iam::825316848320:user/daley",
            "id": "825316848320",
            "user_id": "AIDA4AKFXWLAN7A7XZSEF"
          },
          "sensitive_attributes": []
        }
      ]
    },
    {
      "mode": "data",
      "type": "aws_iam_policy_document",
      "name": "admin",
      "provider": "provider[\"registry.terraform.io/hashicorp/aws\"]",
      "instances": [
        {
          "schema_version": 0,
          "attributes": {
            "id": "236601581",
            "json": "{\n  \"Version\": \"2012-10-17\",\n  \"Statement\": [\n    {\n      \"Sid\": \"AllowAdmin\",\n      \"Effect\": \"Allow\",\n      \"Action\": \"*\",\n      \"Resource\": \"*\"\n    },\n    {\n      \"Sid\": \"AllowPassRole\",\n      \"Effect\": \"Allow\",\n      \"Action\": \"iam:PassRole\",\n      \"Resource\": \"*\",\n      \"Condition\": {\n        \"StringEquals\": {\n          \"iam:PassedToService\": \"eks.amazonaws.com\"\n        }\n      }\n    }\n  ]\n}",
            "override_json": null,
            "override_policy_documents": null,
            "policy_id": null,
            "source_json": null,
            "source_policy_documents": null,
            "statement": [
              {
                "actions": [
                  "*"
                ],
                "condition": [],
                "effect": "Allow",
                "not_actions": [],
                "not_principals": [],
                "not_resources": [],
                "principals": [],
                "resources": [
                  "*"
                ],
                "sid": "AllowAdmin"
              },
              {
                "actions": [
                  "iam:PassRole"
                ],
                "condition": [
                  {
                    "test": "StringEquals",
                    "values": [
                      "eks.amazonaws.com"
                    ],
                    "variable": "iam:PassedToService"
                  }
                ],
                "effect": "Allow",
                "not_actions": [],
                "not_principals": [],
                "not_resources": [],
                "principals": [],
                "resources": [
                  "*"
                ],
                "sid": "AllowPassRole"
              }
            ],
            "version": "2012-10-17"
          },
          "sensitive_attributes": []
        }
      ]
    },
    {
      "mode": "data",
      "type": "aws_iam_policy_document",
      "name": "developer",
      "provider": "provider[\"registry.terraform.io/hashicorp/aws\"]",
      "instances": [
        {
          "schema_version": 0,
          "attributes": {
            "id": "3146063397",
            "json": "{\n  \"Version\": \"2012-10-17\",\n  \"Statement\": [\n    {\n      \"Sid\": \"AllowDeveloper\",\n      \"Effect\": \"Allow\",\n      \"Action\": [\n        \"ssm:GetParameter\",\n        \"eks:ListUpdates\",\n        \"eks:ListNodegroups\",\n        \"eks:ListFargateProfiles\",\n        \"eks:ListClusters\",\n        \"eks:DescribeNodegroup\",\n        \"eks:DescribeCluster\",\n        \"eks:AccessKubernetesApi\"\n      ],\n      \"Resource\": \"*\"\n    }\n  ]\n}",
            "override_json": null,
            "override_policy_documents": null,
            "policy_id": null,
            "source_json": null,
            "source_policy_documents": null,
            "statement": [
              {
                "actions": [
                  "eks:AccessKubernetesApi",
                  "eks:DescribeCluster",
                  "eks:DescribeNodegroup",
                  "eks:ListClusters",
                  "eks:ListFargateProfiles",
                  "eks:ListNodegroups",
                  "eks:ListUpdates",
                  "ssm:GetParameter"
                ],
                "condition": [],
                "effect": "Allow",
                "not_actions": [],
                "not_principals": [],
                "not_resources": [],
                "principals": [],
                "resources": [
                  "*"
                ],
                "sid": "AllowDeveloper"
              }
            ],
            "version": "2012-10-17"
          },
          "sensitive_attributes": []
        }
      ]
    },
    {
      "mode": "data",
      "type": "aws_iam_policy_document",
      "name": "manager_assume_role",
      "provider": "provider[\"registry.terraform.io/hashicorp/aws\"]",
      "instances": [
        {
          "schema_version": 0,
          "attributes": {
            "id": "2036733496",
            "json": "{\n  \"Version\": \"2012-10-17\",\n  \"Statement\": [\n    {\n      \"Sid\": \"AllowManagerAssumeRole\",\n      \"Effect\": \"Allow\",\n      \"Action\": \"sts:AssumeRole\",\n      \"Principal\": {\n        \"AWS\": \"arn:aws:iam::825316848320:user/manager\"\n      }\n    }\n  ]\n}",
            "override_json": null,
            "override_policy_documents": null,
            "policy_id": null,
            "source_json": null,
            "source_policy_documents": null,
            "statement": [
              {
                "actions": [
                  "sts:AssumeRole"
                ],
                "condition": [],
                "effect": "Allow",
                "not_actions": [],
                "not_principals": [],
                "not_resources": [],
                "principals": [
                  {
                    "identifiers": [
                      "arn:aws:iam::825316848320:user/manager"
                    ],
                    "type": "AWS"
                  }
                ],
                "resources": [],
                "sid": "AllowManagerAssumeRole"
              }
            ],
            "version": "2012-10-17"
          },
          "sensitive_attributes": []
        }
      ]
    },
    {
      "mode": "managed",
      "type": "aws_iam_account_password_policy",
      "name": "strict",
      "provider": "provider[\"registry.terraform.io/hashicorp/aws\"]",
      "instances": [
        {
          "schema_version": 0,
          "attributes": {
            "allow_users_to_change_password": true,
            "expire_passwords": false,
            "hard_expiry": false,
            "id": "iam-account-password-policy",
            "max_password_age": 0,
            "minimum_password_length": 8,
            "password_reuse_prevention": 0,
            "require_lowercase_characters": true,
            "require_numbers": true,
            "require_symbols": true,
            "require_uppercase_characters": true
          },
          "sensitive_attributes": [],
          "private": "bnVsbA=="
        }
      ]
    },
    {
      "mode": "managed",
      "type": "aws_iam_group",
      "name": "eks_developer",
      "provider": "provider[\"registry.terraform.io/hashicorp/aws\"]",
      "instances": [
        {
          "schema_version": 0,
          "attributes": {
            "arn": "arn:aws:iam::825316848320:group/Developer",
            "id": "Developer",
            "name": "Developer",
            "path": "/",
            "unique_id": "AGPA4AKFXWLAOCYU2JFM7"
          },
          "sensitive_attributes": [],
          "private": "bnVsbA=="
        }
      ]
    },
    {
      "mode": "managed",
      "type": "aws_iam_group_membership",
      "name": "db_team",
      "provider": "provider[\"registry.terraform.io/hashicorp/aws\"]",
      "instances": [
        {
          "schema_version": 0,
          "attributes": {
            "group": "Developer",
            "id": "dev-group-membership",
            "name": "dev-group-membership",
            "users": [
              "developer"
            ]
          },
          "sensitive_attributes": [],
          "private": "bnVsbA==",
          "dependencies": [
            "aws_iam_group.eks_developer",
            "aws_iam_user.eks_user"
          ]
        }
      ]
    },
    {
      "mode": "managed",
      "type": "aws_iam_group_policy",
      "name": "developer_policy",
      "provider": "provider[\"registry.terraform.io/hashicorp/aws\"]",
      "instances": [
        {
          "schema_version": 0,
          "attributes": {
            "group": "Developer",
            "id": "Developer:developer",
            "name": "developer",
            "name_prefix": null,
            "policy": "{\n  \"Version\": \"2012-10-17\",\n  \"Statement\": [\n    {\n      \"Sid\": \"AllowDeveloper\",\n      \"Effect\": \"Allow\",\n      \"Action\": [\n        \"ssm:GetParameter\",\n        \"eks:ListUpdates\",\n        \"eks:ListNodegroups\",\n        \"eks:ListFargateProfiles\",\n        \"eks:ListClusters\",\n        \"eks:DescribeNodegroup\",\n        \"eks:DescribeCluster\",\n        \"eks:AccessKubernetesApi\"\n      ],\n      \"Resource\": \"*\"\n    }\n  ]\n}"
          },
          "sensitive_attributes": [],
          "private": "bnVsbA==",
          "dependencies": [
            "aws_iam_group.eks_developer",
            "data.aws_iam_policy_document.developer"
          ]
        }
      ]
    },
    {
      "mode": "managed",
      "type": "aws_iam_policy",
      "name": "eks_admin",
      "provider": "provider[\"registry.terraform.io/hashicorp/aws\"]",
      "instances": [
        {
          "schema_version": 0,
          "attributes": {
            "arn": "arn:aws:iam::825316848320:policy/eks-admin",
            "description": "",
            "id": "arn:aws:iam::825316848320:policy/eks-admin",
            "name": "eks-admin",
            "name_prefix": null,
            "path": "/",
            "policy": "{\"Statement\":[{\"Action\":\"*\",\"Effect\":\"Allow\",\"Resource\":\"*\",\"Sid\":\"AllowAdmin\"},{\"Action\":\"iam:PassRole\",\"Condition\":{\"StringEquals\":{\"iam:PassedToService\":\"eks.amazonaws.com\"}},\"Effect\":\"Allow\",\"Resource\":\"*\",\"Sid\":\"AllowPassRole\"}],\"Version\":\"2012-10-17\"}",
            "policy_id": "ANPA4AKFXWLALDDYQS5T6",
            "tags": {},
            "tags_all": {
              "team": "DevOps"
            }
          },
          "sensitive_attributes": [],
          "private": "bnVsbA==",
          "dependencies": [
            "data.aws_iam_policy_document.admin"
          ]
        }
      ]
    },
    {
      "mode": "managed",
      "type": "aws_iam_role",
      "name": "managers",
      "provider": "provider[\"registry.terraform.io/hashicorp/aws\"]",
      "instances": [
        {
          "schema_version": 0,
          "attributes": {
            "arn": "arn:aws:iam::825316848320:role/Manager-eks-Role",
            "assume_role_policy": "{\"Version\":\"2012-10-17\",\"Statement\":[{\"Sid\":\"AllowManagerAssumeRole\",\"Effect\":\"Allow\",\"Principal\":{\"AWS\":\"arn:aws:iam::825316848320:user/manager\"},\"Action\":\"sts:AssumeRole\"}]}",
            "create_date": "2023-09-29T19:24:58Z",
            "description": "",
            "force_detach_policies": false,
            "id": "Manager-eks-Role",
            "inline_policy": [
              {
                "name": "",
                "policy": ""
              }
            ],
            "managed_policy_arns": [
              "arn:aws:iam::825316848320:policy/eks-admin"
            ],
            "max_session_duration": 3600,
            "name": "Manager-eks-Role",
            "name_prefix": "",
            "path": "/",
            "permissions_boundary": null,
            "tags": {},
            "tags_all": {
              "team": "DevOps"
            },
            "unique_id": "AROA4AKFXWLAFKEMVHHSF"
          },
          "sensitive_attributes": [],
          "private": "bnVsbA==",
          "dependencies": [
            "data.aws_caller_identity.current",
            "data.aws_iam_policy_document.manager_assume_role"
          ]
        }
      ]
    },
    {
      "mode": "managed",
      "type": "aws_iam_role_policy_attachment",
      "name": "admin_policy",
      "provider": "provider[\"registry.terraform.io/hashicorp/aws\"]",
      "instances": [
        {
          "schema_version": 0,
          "attributes": {
            "id": "Manager-eks-Role-20230929192500646500000001",
            "policy_arn": "arn:aws:iam::825316848320:policy/eks-admin",
            "role": "Manager-eks-Role"
          },
          "sensitive_attributes": [],
          "private": "bnVsbA==",
          "dependencies": [
            "aws_iam_policy.eks_admin",
            "aws_iam_role.managers",
            "data.aws_caller_identity.current",
            "data.aws_iam_policy_document.admin",
            "data.aws_iam_policy_document.manager_assume_role"
          ]
        }
      ]
    },
    {
      "mode": "managed",
      "type": "aws_iam_user",
      "name": "eks_user",
      "provider": "provider[\"registry.terraform.io/hashicorp/aws\"]",
      "instances": [
        {
          "index_key": 0,
          "schema_version": 0,
          "attributes": {
            "arn": "arn:aws:iam::825316848320:user/developer",
            "force_destroy": true,
            "id": "developer",
            "name": "developer",
            "path": "/",
            "permissions_boundary": null,
            "tags": {
              "Department": "eks-user"
            },
            "tags_all": {
              "Department": "eks-user",
              "team": "DevOps"
            },
            "unique_id": "AIDA4AKFXWLAJWYX5ILHO"
          },
          "sensitive_attributes": [],
          "private": "bnVsbA=="
        },
        {
          "index_key": 1,
          "schema_version": 0,
          "attributes": {
            "arn": "arn:aws:iam::825316848320:user/manager",
            "force_destroy": true,
            "id": "manager",
            "name": "manager",
            "path": "/",
            "permissions_boundary": null,
            "tags": {
              "Department": "eks-user"
            },
            "tags_all": {
              "Department": "eks-user",
              "team": "DevOps"
            },
            "unique_id": "AIDA4AKFXWLAIX3T6XVBF"
          },
          "sensitive_attributes": [],
          "private": "bnVsbA=="
        }
      ]
    },
    {
      "mode": "managed",
      "type": "aws_iam_user_login_profile",
      "name": "DB_user",
      "provider": "provider[\"registry.terraform.io/hashicorp/aws\"]",
      "instances": [
        {
          "index_key": 0,
          "schema_version": 0,
          "attributes": {
            "encrypted_password": "wcFMA6mXp0l3mojbAQ//ZatcCSBmSX0HfsvZK99fnWbRHAU7cIFl7EmqBE/4cxcYWlwTBNxk1q8rEz8DNt/cu8W9M/pvzsGmRuv9us7MZesVxj7NoNit/gq+ha56j+UKUqw+77aElBwntGC2AVCT0xp/O5/iO1+T1DtWeRPfQ+4ehlS+wTLze9jTGD5ZXA6kB6SZQavSZl/+fFUWunV7GTI4KfkMcz15INYMnPKUm/OHwTkiFXDoy7wB+MFvuB0pF1hpuzMvGELdqI+ym0RvphVsKSN4rPo+w548QpfRh0zz9uAglVJYvK6npTRo4jUhEfvsoGYlchhQCjPdNNKgL0hK0/Tnew4wKX79k+AfByYXesGSY+4uh2YDBxwvxKQw2toUkcavloN6TaaHvbXhd5WzM9efFJH08ba8OMq1+v+pt5iGeySHXEx6KbFeOafTDcMxaVr6FL83/PQKM2484hhSzV6b3ZRgC0Y8TCFgxRxyBdv7tL8uYnd8X0HOnfKHnS3YXZnxb2x1LEAId8IL8gGUb6ILVy1uy2vmWB2qayVuKWMDUif6RYmo9bBjrzqEzKuHPZ0ekKqgQGfOlSztR0O1uXOgephpH7Zisd8OgVk1un1Uadj8+03+WuXrAIFtc2lF5acwkYd/IA9h0gn0OM4Wyed6e6vx8FOmpCaFar0qYK+A3QeX7Ri+BX7OO8/SRQGM7YnAJrpt0r46Kj82Yr+jvsl0QJDW0tC7INzRE7luTRoirwNyp8WyPUUzId9sDsjhF/4mjj4qlDd3ZR32fxwcnIpm6A==",
            "id": "developer",
            "key_fingerprint": "30ec23e62f226aeda5589d538ce4ee6a485bd7d4",
            "password_length": 20,
            "password_reset_required": true,
            "pgp_key": "keybase:kenmak",
            "user": "developer"
          },
          "sensitive_attributes": [],
          "private": "bnVsbA==",
          "dependencies": [
            "aws_iam_user.eks_user"
          ]
        },
        {
          "index_key": 1,
          "schema_version": 0,
          "attributes": {
            "encrypted_password": "wcFMA6mXp0l3mojbARAAsUlmOQIh+DWsrQQHE6ODBLL4RtjeAwVKA1btxCO5TGmiyMirwcS6oxiYjU/dwdcuuV9lPZHdlGKxl0U9oUhlNTxKbb254Zt0T0Kbe0Ry6T7gPT7lyqttL76BMvgyB9PfVnh3bsVU1o9772XRGbTdda/nmaawXSEN3nS14QdZ6Cg8zTk31FPYbLwEwGpLRQY8gdRxQ1e15BFmddUpH3e6maS4GPskflLlq0J9BfC0xC8lr6vID/IBxv+eA8/v7OJ9i13MPIdK+O4Kil01xxNtToTFwqZc7fVFh68QoV/bmhnNhxto6PFWWk/1F4CxqyR0dTB0sLO/eIQ26vNobd6jy/Kv/Ed8mAadWPHCFLt0zIz65l95HUFwP12SmSEgAzyraYh57NB0urprpwMufbYQkfB9XH/f5PsFF57bihi5zZ6pjkPLpxVCHan3bDPucdr5mKKTkepSX4wCDSPzfmLnBWd+bsXE7Per6J8/PTxj9y/nb/Z6cBqQqJC6bNydCPpkTBrk5zEuqHEHA4fiHlLDDJZwhCflLHZCs50diTOTFyPpaGdCzJY79OJ+9frp3TG6rK1K1fdpprH2I0xUg3BuhIGe/UUt7TvwEGQNRtqfrwZV9/5Y4bwBIpkV9U5jnAQp5+hn+0sGlAP94SlxBMjKupkq8PkuHvEoPDT4/HUUvQLSRQETOXDwPRIPlGUlwRYXzGwkfrYtk91kxHDUCZBv88MfXb9480asY6Tf5EcC9TKL1EYlVAJKQAftBCsLm82psWiHyduKyg==",
            "id": "manager",
            "key_fingerprint": "30ec23e62f226aeda5589d538ce4ee6a485bd7d4",
            "password_length": 20,
            "password_reset_required": true,
            "pgp_key": "keybase:kenmak",
            "user": "manager"
          },
          "sensitive_attributes": [],
          "private": "bnVsbA==",
          "dependencies": [
            "aws_iam_user.eks_user"
          ]
        }
      ]
    }
  ],
  "check_results": null
}
